
Microsoft Visual Studio Solution File, Format Version 12.00
# Visual Studio Version 16
VisualStudioVersion = 16.0.33027.164
MinimumVisualStudioVersion = 10.0.40219.1
Project("{8BC9CEB8-8B4A-11D0-8D11-00A0C91BC942}") = "wxClient", "wxClient\wxClient.vcxproj", "{2D3F7B16-969F-4721-B7B9-CFA96EAED68B}"
EndProject
Project("{8BC9CEB8-8B4A-11D0-8D11-00A0C91BC942}") = "SQLIteSmp", "SQLIteSmp\SQLIteSmp.vcxproj", "{6831ADAB-47C0-4D24-AB26-5E11B6107B2A}"
EndProject
Project("{8BC9CEB8-8B4A-11D0-8D11-00A0C91BC942}") = "PGSqlSmp", "PGSqlSmp\PGSqlSmp.vcxproj", "{EA05650D-2B41-4927-A9A3-896BAE81A069}"
EndProject
Project("{8BC9CEB8-8B4A-11D0-8D11-00A0C91BC942}") = "MongoSmp", "MongoSmp\MongoSmp.vcxproj", "{769DFCC1-0A11-4BF8-8017-EE5A511EA60A}"
EndProject
Global
	GlobalSection(SolutionConfigurationPlatforms) = preSolution
		Debug|x64 = Debug|x64
		Debug|x86 = Debug|x86
		Release|x64 = Release|x64
		Release|x86 = Release|x86
	EndGlobalSection
	GlobalSection(ProjectConfigurationPlatforms) = postSolution
		{2D3F7B16-969F-4721-B7B9-CFA96EAED68B}.Debug|x64.ActiveCfg = Debug|x64
		{2D3F7B16-969F-4721-B7B9-CFA96EAED68B}.Debug|x64.Build.0 = Debug|x64
		{2D3F7B16-969F-4721-B7B9-CFA96EAED68B}.Debug|x86.ActiveCfg = Debug|Win32
		{2D3F7B16-969F-4721-B7B9-CFA96EAED68B}.Debug|x86.Build.0 = Debug|Win32
		{2D3F7B16-969F-4721-B7B9-CFA96EAED68B}.Release|x64.ActiveCfg = Release|x64
		{2D3F7B16-969F-4721-B7B9-CFA96EAED68B}.Release|x64.Build.0 = Release|x64
		{2D3F7B16-969F-4721-B7B9-CFA96EAED68B}.Release|x86.ActiveCfg = Release|Win32
		{2D3F7B16-969F-4721-B7B9-CFA96EAED68B}.Release|x86.Build.0 = Release|Win32
		{6831ADAB-47C0-4D24-AB26-5E11B6107B2A}.Debug|x64.ActiveCfg = Debug|x64
		{6831ADAB-47C0-4D24-AB26-5E11B6107B2A}.Debug|x64.Build.0 = Debug|x64
		{6831ADAB-47C0-4D24-AB26-5E11B6107B2A}.Debug|x86.ActiveCfg = Debug|Win32
		{6831ADAB-47C0-4D24-AB26-5E11B6107B2A}.Debug|x86.Build.0 = Debug|Win32
		{6831ADAB-47C0-4D24-AB26-5E11B6107B2A}.Release|x64.ActiveCfg = Release|x64
		{6831ADAB-47C0-4D24-AB26-5E11B6107B2A}.Release|x64.Build.0 = Release|x64
		{6831ADAB-47C0-4D24-AB26-5E11B6107B2A}.Release|x86.ActiveCfg = Release|Win32
		{6831ADAB-47C0-4D24-AB26-5E11B6107B2A}.Release|x86.Build.0 = Release|Win32
		{EA05650D-2B41-4927-A9A3-896BAE81A069}.Debug|x64.ActiveCfg = Debug|x64
		{EA05650D-2B41-4927-A9A3-896BAE81A069}.Debug|x64.Build.0 = Debug|x64
		{EA05650D-2B41-4927-A9A3-896BAE81A069}.Debug|x86.ActiveCfg = Debug|Win32
		{EA05650D-2B41-4927-A9A3-896BAE81A069}.Debug|x86.Build.0 = Debug|Win32
		{EA05650D-2B41-4927-A9A3-896BAE81A069}.Release|x64.ActiveCfg = Release|x64
		{EA05650D-2B41-4927-A9A3-896BAE81A069}.Release|x64.Build.0 = Release|x64
		{EA05650D-2B41-4927-A9A3-896BAE81A069}.Release|x86.ActiveCfg = Release|Win32
		{EA05650D-2B41-4927-A9A3-896BAE81A069}.Release|x86.Build.0 = Release|Win32
		{769DFCC1-0A11-4BF8-8017-EE5A511EA60A}.Debug|x64.ActiveCfg = Debug|x64
		{769DFCC1-0A11-4BF8-8017-EE5A511EA60A}.Debug|x64.Build.0 = Debug|x64
		{769DFCC1-0A11-4BF8-8017-EE5A511EA60A}.Debug|x86.ActiveCfg = Debug|Win32
		{769DFCC1-0A11-4BF8-8017-EE5A511EA60A}.Debug|x86.Build.0 = Debug|Win32
		{769DFCC1-0A11-4BF8-8017-EE5A511EA60A}.Release|x64.ActiveCfg = Release|x64
		{769DFCC1-0A11-4BF8-8017-EE5A511EA60A}.Release|x64.Build.0 = Release|x64
		{769DFCC1-0A11-4BF8-8017-EE5A511EA60A}.Release|x86.ActiveCfg = Release|Win32
		{769DFCC1-0A11-4BF8-8017-EE5A511EA60A}.Release|x86.Build.0 = Release|Win32
	EndGlobalSection
	GlobalSection(SolutionProperties) = preSolution
		HideSolutionNode = FALSE
	EndGlobalSection
	GlobalSection(ExtensibilityGlobals) = postSolution
		SolutionGuid = {0D228DEE-035C-4136-8D45-4FE1A2D16F7D}
	EndGlobalSection
EndGlobal
